
Microsoft Visual Studio Solution File, Format Version 12.00
# Visual Studio 15
VisualStudioVersion = 15.0.28010.2003
MinimumVisualStudioVersion = 10.0.40219.1
Project("{FAE04EC0-301F-11D3-BF4B-00C04F79EFBC}") = "Dictionary1", "Dictionary1\Dictionary1.csproj", "{A4CB2A1D-C0C5-48A8-AE36-06C56D4954F7}"
EndProject
Global
	GlobalSection(SolutionConfigurationPlatforms) = preSolution
		Debug|Any CPU = Debug|Any CPU
		Release|Any CPU = Release|Any CPU
	EndGlobalSection
	GlobalSection(ProjectConfigurationPlatforms) = postSolution
		{A4CB2A1D-C0C5-48A8-AE36-06C56D4954F7}.Debug|Any CPU.ActiveCfg = Debug|Any CPU
		{A4CB2A1D-C0C5-48A8-AE36-06C56D4954F7}.Debug|Any CPU.Build.0 = Debug|Any CPU
		{A4CB2A1D-C0C5-48A8-AE36-06C56D4954F7}.Release|Any CPU.ActiveCfg = Release|Any CPU
		{A4CB2A1D-C0C5-48A8-AE36-06C56D4954F7}.Release|Any CPU.Build.0 = Release|Any CPU
	EndGlobalSection
	GlobalSection(SolutionProperties) = preSolution
		HideSolutionNode = FALSE
	EndGlobalSection
	GlobalSection(ExtensibilityGlobals) = postSolution
		SolutionGuid = {528C97EB-35D4-459E-B79A-26FE91287869}
	EndGlobalSection
EndGlobal
